
Microsoft Visual Studio Solution File, Format Version 12.00
# Visual Studio Version 16
VisualStudioVersion = 16.0.29326.143
MinimumVisualStudioVersion = 10.0.40219.1
Project("{FAE04EC0-301F-11D3-BF4B-00C04F79EFBC}") = "SportTeam.UI", "SportTeam.UI\SportTeam.UI.csproj", "{ABA97981-A5FD-4380-9409-CCB9504FBAB4}"
EndProject
Project("{FAE04EC0-301F-11D3-BF4B-00C04F79EFBC}") = "SportTeam.Domain", "SportTeam.Domain\SportTeam.Domain.csproj", "{94073556-0E68-4EC1-B9D1-F3F74B775E43}"
EndProject
Project("{FAE04EC0-301F-11D3-BF4B-00C04F79EFBC}") = "SportTeam.DataAccess", "SportTeam.DataAccess\SportTeam.DataAccess.csproj", "{A51062A0-4C27-4210-8659-27C9F49BF756}"
EndProject
Project("{FAE04EC0-301F-11D3-BF4B-00C04F79EFBC}") = "SportTeam.Services", "SportTeam.Services\SportTeam.Services.csproj", "{9FAF31DC-27C3-4089-82C9-B899E0D5FD21}"
EndProject
Global
	GlobalSection(SolutionConfigurationPlatforms) = preSolution
		Debug|Any CPU = Debug|Any CPU
		Release|Any CPU = Release|Any CPU
	EndGlobalSection
	GlobalSection(ProjectConfigurationPlatforms) = postSolution
		{ABA97981-A5FD-4380-9409-CCB9504FBAB4}.Debug|Any CPU.ActiveCfg = Debug|Any CPU
		{ABA97981-A5FD-4380-9409-CCB9504FBAB4}.Debug|Any CPU.Build.0 = Debug|Any CPU
		{ABA97981-A5FD-4380-9409-CCB9504FBAB4}.Release|Any CPU.ActiveCfg = Release|Any CPU
		{ABA97981-A5FD-4380-9409-CCB9504FBAB4}.Release|Any CPU.Build.0 = Release|Any CPU
		{94073556-0E68-4EC1-B9D1-F3F74B775E43}.Debug|Any CPU.ActiveCfg = Debug|Any CPU
		{94073556-0E68-4EC1-B9D1-F3F74B775E43}.Debug|Any CPU.Build.0 = Debug|Any CPU
		{94073556-0E68-4EC1-B9D1-F3F74B775E43}.Release|Any CPU.ActiveCfg = Release|Any CPU
		{94073556-0E68-4EC1-B9D1-F3F74B775E43}.Release|Any CPU.Build.0 = Release|Any CPU
		{A51062A0-4C27-4210-8659-27C9F49BF756}.Debug|Any CPU.ActiveCfg = Debug|Any CPU
		{A51062A0-4C27-4210-8659-27C9F49BF756}.Debug|Any CPU.Build.0 = Debug|Any CPU
		{A51062A0-4C27-4210-8659-27C9F49BF756}.Release|Any CPU.ActiveCfg = Release|Any CPU
		{A51062A0-4C27-4210-8659-27C9F49BF756}.Release|Any CPU.Build.0 = Release|Any CPU
		{9FAF31DC-27C3-4089-82C9-B899E0D5FD21}.Debug|Any CPU.ActiveCfg = Debug|Any CPU
		{9FAF31DC-27C3-4089-82C9-B899E0D5FD21}.Debug|Any CPU.Build.0 = Debug|Any CPU
		{9FAF31DC-27C3-4089-82C9-B899E0D5FD21}.Release|Any CPU.ActiveCfg = Release|Any CPU
		{9FAF31DC-27C3-4089-82C9-B899E0D5FD21}.Release|Any CPU.Build.0 = Release|Any CPU
	EndGlobalSection
	GlobalSection(SolutionProperties) = preSolution
		HideSolutionNode = FALSE
	EndGlobalSection
	GlobalSection(ExtensibilityGlobals) = postSolution
		SolutionGuid = {81D3B54C-EF17-4EB3-B22B-E3B3C9371065}
	EndGlobalSection
EndGlobal
